
Microsoft Visual Studio Solution File, Format Version 12.00
# Visual Studio Version 17
VisualStudioVersion = 17.11.35208.52
MinimumVisualStudioVersion = 10.0.40219.1
Project("{FAE04EC0-301F-11D3-BF4B-00C04F79EFBC}") = "practicaSimluacro1-webactivas", "practicaSimluacro1-webactivas\practicaSimluacro1-webactivas.csproj", "{62109695-076A-42A1-AC2E-430292444A0E}"
EndProject
Global
	GlobalSection(SolutionConfigurationPlatforms) = preSolution
		Debug|Any CPU = Debug|Any CPU
		Release|Any CPU = Release|Any CPU
	EndGlobalSection
	GlobalSection(ProjectConfigurationPlatforms) = postSolution
		{62109695-076A-42A1-AC2E-430292444A0E}.Debug|Any CPU.ActiveCfg = Debug|Any CPU
		{62109695-076A-42A1-AC2E-430292444A0E}.Debug|Any CPU.Build.0 = Debug|Any CPU
		{62109695-076A-42A1-AC2E-430292444A0E}.Release|Any CPU.ActiveCfg = Release|Any CPU
		{62109695-076A-42A1-AC2E-430292444A0E}.Release|Any CPU.Build.0 = Release|Any CPU
	EndGlobalSection
	GlobalSection(SolutionProperties) = preSolution
		HideSolutionNode = FALSE
	EndGlobalSection
	GlobalSection(ExtensibilityGlobals) = postSolution
		SolutionGuid = {A4BF280D-2015-44EB-92A2-44F02197B5AD}
	EndGlobalSection
EndGlobal
